// !$*UTF8*$!
{
	archiveVersion = 1;
	classes = {
	};
	objectVersion = 46;
	objects = {

/* Begin PBXBuildFile section */
		3622D19F19118443003AC4F8 /* test.mm in Sources */ = {isa = PBXBuildFile; fileRef = 3622D19D1911842A003AC4F8 /* test.mm */; };
		3622D1A019118559003AC4F8 /* libsubjc.A.dylib in Frameworks */ = {isa = PBXBuildFile; fileRef = D2AAC0630554660B00DB518D /* libsubjc.A.dylib */; };
		393CEAC00DC69E3E000B69DE /* objc-references.mm in Sources */ = {isa = PBXBuildFile; fileRef = 393CEABF0DC69E3E000B69DE /* objc-references.mm */; };
		399BC72E1224831B007FBDF0 /* objc-externalref.mm in Sources */ = {isa = PBXBuildFile; fileRef = 399BC72D1224831B007FBDF0 /* objc-externalref.mm */; };
		39ABD72412F0B61800D1054C /* objc-weak.mm in Sources */ = {isa = PBXBuildFile; fileRef = 39ABD72012F0B61800D1054C /* objc-weak.mm */; };
		830F2A740D737FB800392440 /* objc-msg-arm.s in Sources */ = {isa = PBXBuildFile; fileRef = 830F2A690D737FB800392440 /* objc-msg-arm.s */; };
		830F2A750D737FB900392440 /* objc-msg-i386.s in Sources */ = {isa = PBXBuildFile; fileRef = 830F2A6A0D737FB800392440 /* objc-msg-i386.s */; };
		830F2A7D0D737FBB00392440 /* objc-msg-x86_64.s in Sources */ = {isa = PBXBuildFile; fileRef = 830F2A720D737FB800392440 /* objc-msg-x86_64.s */; };
		830F2A950D73876100392440 /* objc-accessors.mm in Sources */ = {isa = PBXBuildFile; fileRef = 830F2A930D73876100392440 /* objc-accessors.mm */; };
		831C85D60E10CF850066E64C /* objc-os.mm in Sources */ = {isa = PBXBuildFile; fileRef = 831C85D40E10CF850066E64C /* objc-os.mm */; };
		83725F4A14CA5BFA0014370E /* objc-opt.mm in Sources */ = {isa = PBXBuildFile; fileRef = 83725F4914CA5BFA0014370E /* objc-opt.mm */; };
		8383A3A3122600E9009290B8 /* a1a2-blocktramps-arm.s in Sources */ = {isa = PBXBuildFile; fileRef = 8383A3A1122600E9009290B8 /* a1a2-blocktramps-arm.s */; };
		8383A3A4122600E9009290B8 /* a2a3-blocktramps-arm.s in Sources */ = {isa = PBXBuildFile; fileRef = 8383A3A2122600E9009290B8 /* a2a3-blocktramps-arm.s */; };
		838485C00D6D687300CEA253 /* hashtable2.mm in Sources */ = {isa = PBXBuildFile; fileRef = 838485B80D6D687300CEA253 /* hashtable2.mm */; };
		838485C40D6D687300CEA253 /* maptable.mm in Sources */ = {isa = PBXBuildFile; fileRef = 838485BC0D6D687300CEA253 /* maptable.mm */; };
		838485F20D6D68A200CEA253 /* objc-cache.mm in Sources */ = {isa = PBXBuildFile; fileRef = 838485CB0D6D68A200CEA253 /* objc-cache.mm */; };
		838485F50D6D68A200CEA253 /* objc-class.mm in Sources */ = {isa = PBXBuildFile; fileRef = 838485CE0D6D68A200CEA253 /* objc-class.mm */; };
		838485F70D6D68A200CEA253 /* objc-errors.mm in Sources */ = {isa = PBXBuildFile; fileRef = 838485D00D6D68A200CEA253 /* objc-errors.mm */; };
		838485F90D6D68A200CEA253 /* objc-exception.mm in Sources */ = {isa = PBXBuildFile; fileRef = 838485D20D6D68A200CEA253 /* objc-exception.mm */; settings = {COMPILER_FLAGS = "-fexceptions"; }; };
		838485FA0D6D68A200CEA253 /* objc-file.mm in Sources */ = {isa = PBXBuildFile; fileRef = 838485D30D6D68A200CEA253 /* objc-file.mm */; };
		838485FC0D6D68A200CEA253 /* objc-initialize.mm in Sources */ = {isa = PBXBuildFile; fileRef = 838485D50D6D68A200CEA253 /* objc-initialize.mm */; };
		838485FD0D6D68A200CEA253 /* objc-layout.mm in Sources */ = {isa = PBXBuildFile; fileRef = 838485D60D6D68A200CEA253 /* objc-layout.mm */; };
		838485FF0D6D68A200CEA253 /* objc-load.mm in Sources */ = {isa = PBXBuildFile; fileRef = 838485D80D6D68A200CEA253 /* objc-load.mm */; };
		838486010D6D68A200CEA253 /* objc-loadmethod.mm in Sources */ = {isa = PBXBuildFile; fileRef = 838485DA0D6D68A200CEA253 /* objc-loadmethod.mm */; };
		838486080D6D68A200CEA253 /* objc-runtime-new.mm in Sources */ = {isa = PBXBuildFile; fileRef = 838485E10D6D68A200CEA253 /* objc-runtime-new.mm */; };
		8384860B0D6D68A200CEA253 /* objc-runtime.mm in Sources */ = {isa = PBXBuildFile; fileRef = 838485E40D6D68A200CEA253 /* objc-runtime.mm */; };
		8384860D0D6D68A200CEA253 /* objc-sel-set.mm in Sources */ = {isa = PBXBuildFile; fileRef = 838485E60D6D68A200CEA253 /* objc-sel-set.mm */; };
		8384860F0D6D68A200CEA253 /* objc-sel.mm in Sources */ = {isa = PBXBuildFile; fileRef = 838485E80D6D68A200CEA253 /* objc-sel.mm */; };
		838486110D6D68A200CEA253 /* objc-sync.mm in Sources */ = {isa = PBXBuildFile; fileRef = 838485EA0D6D68A200CEA253 /* objc-sync.mm */; };
		838486120D6D68A200CEA253 /* objc-typeencoding.mm in Sources */ = {isa = PBXBuildFile; fileRef = 838485EB0D6D68A200CEA253 /* objc-typeencoding.mm */; };
		838486150D6D68A200CEA253 /* Object.m in Sources */ = {isa = PBXBuildFile; fileRef = 838485EE0D6D68A200CEA253 /* Object.m */; };
		8384861F0D6D68A800CEA253 /* Protocol.mm in Sources */ = {isa = PBXBuildFile; fileRef = 838486190D6D68A800CEA253 /* Protocol.mm */; };
		838486250D6D68F000CEA253 /* List.m in Sources */ = {isa = PBXBuildFile; fileRef = 838486230D6D68F000CEA253 /* List.m */; };
		83EB007B121C9EC200B92C16 /* objc-sel-table.s in Sources */ = {isa = PBXBuildFile; fileRef = 83EB007A121C9EC200B92C16 /* objc-sel-table.s */; };
		87BB4EA70EC39854005D08E1 /* objc-probes.d in Sources */ = {isa = PBXBuildFile; fileRef = 87BB4E900EC39633005D08E1 /* objc-probes.d */; };
		9672F7EE14D5F488007CEC96 /* NSObject.mm in Sources */ = {isa = PBXBuildFile; fileRef = 9672F7ED14D5F488007CEC96 /* NSObject.mm */; };
		E8923DA1116AB2820071B552 /* a1a2-blocktramps-i386.s in Sources */ = {isa = PBXBuildFile; fileRef = E8923D9C116AB2820071B552 /* a1a2-blocktramps-i386.s */; };
		E8923DA2116AB2820071B552 /* a1a2-blocktramps-x86_64.s in Sources */ = {isa = PBXBuildFile; fileRef = E8923D9D116AB2820071B552 /* a1a2-blocktramps-x86_64.s */; };
		E8923DA3116AB2820071B552 /* a2a3-blocktramps-i386.s in Sources */ = {isa = PBXBuildFile; fileRef = E8923D9E116AB2820071B552 /* a2a3-blocktramps-i386.s */; };
		E8923DA4116AB2820071B552 /* a2a3-blocktramps-x86_64.s in Sources */ = {isa = PBXBuildFile; fileRef = E8923D9F116AB2820071B552 /* a2a3-blocktramps-x86_64.s */; };
		E8923DA5116AB2820071B552 /* objc-block-trampolines.mm in Sources */ = {isa = PBXBuildFile; fileRef = E8923DA0116AB2820071B552 /* objc-block-trampolines.mm */; };
/* End PBXBuildFile section */

/* Begin PBXContainerItemProxy section */
		3622D1A119118562003AC4F8 /* PBXContainerItemProxy */ = {
			isa = PBXContainerItemProxy;
			containerPortal = 08FB7793FE84155DC02AAC07 /* Project object */;
			proxyType = 1;
			remoteGlobalIDString = D2AAC0620554660B00DB518D;
			remoteInfo = objc;
		};
/* End PBXContainerItemProxy section */

/* Begin PBXCopyFilesBuildPhase section */
		3622D19219117D9A003AC4F8 /* CopyFiles */ = {
			isa = PBXCopyFilesBuildPhase;
			buildActionMask = 2147483647;
			dstPath = /usr/share/man/man1;
			dstSubfolderSpec = 0;
			files = (
			);
			runOnlyForDeploymentPostprocessing = 1;
		};
/* End PBXCopyFilesBuildPhase section */

/* Begin PBXFileReference section */
		3622D19419117D9A003AC4F8 /* objc-test */ = {isa = PBXFileReference; explicitFileType = "compiled.mach-o.executable"; includeInIndex = 0; path = "objc-test"; sourceTree = BUILT_PRODUCTS_DIR; };
		3622D19D1911842A003AC4F8 /* test.mm */ = {isa = PBXFileReference; fileEncoding = 4; lastKnownFileType = sourcecode.cpp.objcpp; path = test.mm; sourceTree = "<group>"; };
		362901AF191344BE00974216 /* objc-msg-win32.mm */ = {isa = PBXFileReference; fileEncoding = 4; lastKnownFileType = sourcecode.cpp.objcpp; name = "objc-msg-win32.mm"; path = "runtime/Messengers.subproj/objc-msg-win32.mm"; sourceTree = "<group>"; };
		36EC54161913E98000D90C51 /* objc-win32.c */ = {isa = PBXFileReference; fileEncoding = 4; lastKnownFileType = sourcecode.c.c; name = "objc-win32.c"; path = "runtime/objc-win32.c"; sourceTree = "<group>"; };
		36EC54171913E98000D90C51 /* objc-win32.h */ = {isa = PBXFileReference; fileEncoding = 4; lastKnownFileType = sourcecode.c.h; name = "objc-win32.h"; path = "runtime/objc-win32.h"; sourceTree = "<group>"; };
		393CEABF0DC69E3E000B69DE /* objc-references.mm */ = {isa = PBXFileReference; fileEncoding = 4; lastKnownFileType = sourcecode.cpp.objcpp; name = "objc-references.mm"; path = "runtime/objc-references.mm"; sourceTree = "<group>"; };
		393CEAC50DC69E67000B69DE /* objc-references.h */ = {isa = PBXFileReference; fileEncoding = 4; lastKnownFileType = sourcecode.c.h; name = "objc-references.h"; path = "runtime/objc-references.h"; sourceTree = "<group>"; };
		399BC72D1224831B007FBDF0 /* objc-externalref.mm */ = {isa = PBXFileReference; fileEncoding = 4; lastKnownFileType = sourcecode.cpp.objcpp; name = "objc-externalref.mm"; path = "runtime/objc-externalref.mm"; sourceTree = "<group>"; };
		39ABD71F12F0B61800D1054C /* objc-weak.h */ = {isa = PBXFileReference; fileEncoding = 4; lastKnownFileType = sourcecode.c.h; name = "objc-weak.h"; path = "runtime/objc-weak.h"; sourceTree = "<group>"; };
		39ABD72012F0B61800D1054C /* objc-weak.mm */ = {isa = PBXFileReference; fileEncoding = 4; lastKnownFileType = sourcecode.cpp.objcpp; name = "objc-weak.mm"; path = "runtime/objc-weak.mm"; sourceTree = "<group>"; };
		830F2A690D737FB800392440 /* objc-msg-arm.s */ = {isa = PBXFileReference; fileEncoding = 4; lastKnownFileType = sourcecode.asm; name = "objc-msg-arm.s"; path = "runtime/Messengers.subproj/objc-msg-arm.s"; sourceTree = "<group>"; };
		830F2A6A0D737FB800392440 /* objc-msg-i386.s */ = {isa = PBXFileReference; fileEncoding = 4; lastKnownFileType = sourcecode.asm; name = "objc-msg-i386.s"; path = "runtime/Messengers.subproj/objc-msg-i386.s"; sourceTree = "<group>"; };
		830F2A720D737FB800392440 /* objc-msg-x86_64.s */ = {isa = PBXFileReference; fileEncoding = 4; lastKnownFileType = sourcecode.asm; name = "objc-msg-x86_64.s"; path = "runtime/Messengers.subproj/objc-msg-x86_64.s"; sourceTree = "<group>"; tabWidth = 8; usesTabs = 1; };
		830F2A920D73876100392440 /* objc-accessors.h */ = {isa = PBXFileReference; fileEncoding = 4; lastKnownFileType = sourcecode.c.h; name = "objc-accessors.h"; path = "runtime/Accessors.subproj/objc-accessors.h"; sourceTree = "<group>"; };
		830F2A930D73876100392440 /* objc-accessors.mm */ = {isa = PBXFileReference; fileEncoding = 4; lastKnownFileType = sourcecode.cpp.objcpp; name = "objc-accessors.mm"; path = "runtime/Accessors.subproj/objc-accessors.mm"; sourceTree = "<group>"; };
		830F2A970D738DC200392440 /* hashtable.h */ = {isa = PBXFileReference; fileEncoding = 4; lastKnownFileType = sourcecode.c.h; path = hashtable.h; sourceTree = "<group>"; };
		83112ED30F00599600A5FBAF /* objc-internal.h */ = {isa = PBXFileReference; fileEncoding = 4; lastKnownFileType = sourcecode.c.h; name = "objc-internal.h"; path = "runtime/objc-internal.h"; sourceTree = "<group>"; };
		831C85D30E10CF850066E64C /* objc-os.h */ = {isa = PBXFileReference; fileEncoding = 4; lastKnownFileType = sourcecode.c.h; name = "objc-os.h"; path = "runtime/objc-os.h"; sourceTree = "<group>"; };
		831C85D40E10CF850066E64C /* objc-os.mm */ = {isa = PBXFileReference; fileEncoding = 4; lastKnownFileType = sourcecode.cpp.objcpp; name = "objc-os.mm"; path = "runtime/objc-os.mm"; sourceTree = "<group>"; };
		834266D70E665A8B002E4DA2 /* objc-gdb.h */ = {isa = PBXFileReference; fileEncoding = 4; lastKnownFileType = sourcecode.c.h; name = "objc-gdb.h"; path = "runtime/objc-gdb.h"; sourceTree = "<group>"; };
		834EC0A311614167009B2563 /* objc-abi.h */ = {isa = PBXFileReference; fileEncoding = 4; lastKnownFileType = sourcecode.c.h; name = "objc-abi.h"; path = "runtime/objc-abi.h"; sourceTree = "<group>"; };
		83725F4914CA5BFA0014370E /* objc-opt.mm */ = {isa = PBXFileReference; fileEncoding = 4; lastKnownFileType = sourcecode.cpp.objcpp; name = "objc-opt.mm"; path = "runtime/objc-opt.mm"; sourceTree = "<group>"; };
		8383A3A1122600E9009290B8 /* a1a2-blocktramps-arm.s */ = {isa = PBXFileReference; fileEncoding = 4; lastKnownFileType = sourcecode.asm; name = "a1a2-blocktramps-arm.s"; path = "runtime/a1a2-blocktramps-arm.s"; sourceTree = "<group>"; };
		8383A3A2122600E9009290B8 /* a2a3-blocktramps-arm.s */ = {isa = PBXFileReference; fileEncoding = 4; lastKnownFileType = sourcecode.asm; name = "a2a3-blocktramps-arm.s"; path = "runtime/a2a3-blocktramps-arm.s"; sourceTree = "<group>"; };
		838485B70D6D687300CEA253 /* hashtable2.h */ = {isa = PBXFileReference; fileEncoding = 4; lastKnownFileType = sourcecode.c.h; path = hashtable2.h; sourceTree = "<group>"; };
		838485B80D6D687300CEA253 /* hashtable2.mm */ = {isa = PBXFileReference; fileEncoding = 4; lastKnownFileType = sourcecode.cpp.objcpp; name = hashtable2.mm; path = runtime/hashtable2.mm; sourceTree = "<group>"; };
		838485BB0D6D687300CEA253 /* maptable.h */ = {isa = PBXFileReference; fileEncoding = 4; lastKnownFileType = sourcecode.c.h; path = maptable.h; sourceTree = "<group>"; };
		838485BC0D6D687300CEA253 /* maptable.mm */ = {isa = PBXFileReference; fileEncoding = 4; lastKnownFileType = sourcecode.cpp.objcpp; name = maptable.mm; path = runtime/maptable.mm; sourceTree = "<group>"; };
		838485BD0D6D687300CEA253 /* message.h */ = {isa = PBXFileReference; fileEncoding = 4; lastKnownFileType = sourcecode.c.h; path = message.h; sourceTree = "<group>"; };
		838485C80D6D68A200CEA253 /* objc-api.h */ = {isa = PBXFileReference; fileEncoding = 4; lastKnownFileType = sourcecode.c.h; path = "objc-api.h"; sourceTree = "<group>"; };
		838485CB0D6D68A200CEA253 /* objc-cache.mm */ = {isa = PBXFileReference; fileEncoding = 4; lastKnownFileType = sourcecode.cpp.objcpp; name = "objc-cache.mm"; path = "runtime/objc-cache.mm"; sourceTree = "<group>"; };
		838485CD0D6D68A200CEA253 /* objc-class.h */ = {isa = PBXFileReference; fileEncoding = 4; lastKnownFileType = sourcecode.c.h; path = "objc-class.h"; sourceTree = "<group>"; };
		838485CE0D6D68A200CEA253 /* objc-class.mm */ = {isa = PBXFileReference; fileEncoding = 4; lastKnownFileType = sourcecode.cpp.objcpp; name = "objc-class.mm"; path = "runtime/objc-class.mm"; sourceTree = "<group>"; };
		838485CF0D6D68A200CEA253 /* objc-config.h */ = {isa = PBXFileReference; fileEncoding = 4; lastKnownFileType = sourcecode.c.h; name = "objc-config.h"; path = "runtime/objc-config.h"; sourceTree = "<group>"; };
		838485D00D6D68A200CEA253 /* objc-errors.mm */ = {isa = PBXFileReference; fileEncoding = 4; lastKnownFileType = sourcecode.cpp.objcpp; name = "objc-errors.mm"; path = "runtime/objc-errors.mm"; sourceTree = "<group>"; };
		838485D10D6D68A200CEA253 /* objc-exception.h */ = {isa = PBXFileReference; fileEncoding = 4; lastKnownFileType = sourcecode.c.h; path = "objc-exception.h"; sourceTree = "<group>"; };
		838485D20D6D68A200CEA253 /* objc-exception.mm */ = {isa = PBXFileReference; fileEncoding = 4; lastKnownFileType = sourcecode.cpp.objcpp; name = "objc-exception.mm"; path = "runtime/objc-exception.mm"; sourceTree = "<group>"; };
		838485D30D6D68A200CEA253 /* objc-file.mm */ = {isa = PBXFileReference; fileEncoding = 4; lastKnownFileType = sourcecode.cpp.objcpp; name = "objc-file.mm"; path = "runtime/objc-file.mm"; sourceTree = "<group>"; };
		838485D40D6D68A200CEA253 /* objc-initialize.h */ = {isa = PBXFileReference; fileEncoding = 4; lastKnownFileType = sourcecode.c.h; name = "objc-initialize.h"; path = "runtime/objc-initialize.h"; sourceTree = "<group>"; };
		838485D50D6D68A200CEA253 /* objc-initialize.mm */ = {isa = PBXFileReference; fileEncoding = 4; lastKnownFileType = sourcecode.cpp.objcpp; name = "objc-initialize.mm"; path = "runtime/objc-initialize.mm"; sourceTree = "<group>"; };
		838485D60D6D68A200CEA253 /* objc-layout.mm */ = {isa = PBXFileReference; fileEncoding = 4; lastKnownFileType = sourcecode.cpp.objcpp; name = "objc-layout.mm"; path = "runtime/objc-layout.mm"; sourceTree = "<group>"; };
		838485D70D6D68A200CEA253 /* objc-load.h */ = {isa = PBXFileReference; fileEncoding = 4; lastKnownFileType = sourcecode.c.h; path = "objc-load.h"; sourceTree = "<group>"; };
		838485D80D6D68A200CEA253 /* objc-load.mm */ = {isa = PBXFileReference; fileEncoding = 4; lastKnownFileType = sourcecode.cpp.objcpp; name = "objc-load.mm"; path = "runtime/objc-load.mm"; sourceTree = "<group>"; };
		838485D90D6D68A200CEA253 /* objc-loadmethod.h */ = {isa = PBXFileReference; fileEncoding = 4; lastKnownFileType = sourcecode.c.h; name = "objc-loadmethod.h"; path = "runtime/objc-loadmethod.h"; sourceTree = "<group>"; };
		838485DA0D6D68A200CEA253 /* objc-loadmethod.mm */ = {isa = PBXFileReference; fileEncoding = 4; lastKnownFileType = sourcecode.cpp.objcpp; name = "objc-loadmethod.mm"; path = "runtime/objc-loadmethod.mm"; sourceTree = "<group>"; };
		838485DB0D6D68A200CEA253 /* objc-lockdebug.mm */ = {isa = PBXFileReference; fileEncoding = 4; lastKnownFileType = sourcecode.cpp.objcpp; name = "objc-lockdebug.mm"; path = "runtime/objc-lockdebug.mm"; sourceTree = "<group>"; };
		838485DC0D6D68A200CEA253 /* objc-private.h */ = {isa = PBXFileReference; fileEncoding = 4; lastKnownFileType = sourcecode.c.h; name = "objc-private.h"; path = "runtime/objc-private.h"; sourceTree = "<group>"; };
		838485E00D6D68A200CEA253 /* objc-runtime-new.h */ = {isa = PBXFileReference; fileEncoding = 4; lastKnownFileType = sourcecode.c.h; name = "objc-runtime-new.h"; path = "runtime/objc-runtime-new.h"; sourceTree = "<group>"; };
		838485E10D6D68A200CEA253 /* objc-runtime-new.mm */ = {isa = PBXFileReference; fileEncoding = 4; lastKnownFileType = sourcecode.cpp.objcpp; name = "objc-runtime-new.mm"; path = "runtime/objc-runtime-new.mm"; sourceTree = "<group>"; };
		838485E30D6D68A200CEA253 /* objc-runtime.h */ = {isa = PBXFileReference; fileEncoding = 4; lastKnownFileType = sourcecode.c.h; path = "objc-runtime.h"; sourceTree = "<group>"; };
		838485E40D6D68A200CEA253 /* objc-runtime.mm */ = {isa = PBXFileReference; fileEncoding = 4; lastKnownFileType = sourcecode.cpp.objcpp; name = "objc-runtime.mm"; path = "runtime/objc-runtime.mm"; sourceTree = "<group>"; };
		838485E50D6D68A200CEA253 /* objc-sel-set.h */ = {isa = PBXFileReference; fileEncoding = 4; lastKnownFileType = sourcecode.c.h; name = "objc-sel-set.h"; path = "runtime/objc-sel-set.h"; sourceTree = "<group>"; };
		838485E60D6D68A200CEA253 /* objc-sel-set.mm */ = {isa = PBXFileReference; fileEncoding = 4; lastKnownFileType = sourcecode.cpp.objcpp; name = "objc-sel-set.mm"; path = "runtime/objc-sel-set.mm"; sourceTree = "<group>"; };
		838485E80D6D68A200CEA253 /* objc-sel.mm */ = {isa = PBXFileReference; fileEncoding = 4; lastKnownFileType = sourcecode.cpp.objcpp; name = "objc-sel.mm"; path = "runtime/objc-sel.mm"; sourceTree = "<group>"; };
		838485E90D6D68A200CEA253 /* objc-sync.h */ = {isa = PBXFileReference; fileEncoding = 4; lastKnownFileType = sourcecode.c.h; path = "objc-sync.h"; sourceTree = "<group>"; };
		838485EA0D6D68A200CEA253 /* objc-sync.mm */ = {isa = PBXFileReference; fileEncoding = 4; lastKnownFileType = sourcecode.cpp.objcpp; name = "objc-sync.mm"; path = "runtime/objc-sync.mm"; sourceTree = "<group>"; };
		838485EB0D6D68A200CEA253 /* objc-typeencoding.mm */ = {isa = PBXFileReference; fileEncoding = 4; lastKnownFileType = sourcecode.cpp.objcpp; name = "objc-typeencoding.mm"; path = "runtime/objc-typeencoding.mm"; sourceTree = "<group>"; };
		838485EC0D6D68A200CEA253 /* objc.h */ = {isa = PBXFileReference; fileEncoding = 4; lastKnownFileType = sourcecode.c.h; path = objc.h; sourceTree = "<group>"; };
		838485ED0D6D68A200CEA253 /* Object.h */ = {isa = PBXFileReference; fileEncoding = 4; lastKnownFileType = sourcecode.c.h; path = Object.h; sourceTree = "<group>"; };
		838485EE0D6D68A200CEA253 /* Object.m */ = {isa = PBXFileReference; fileEncoding = 4; lastKnownFileType = sourcecode.c.objc; name = Object.m; path = runtime/Object.m; sourceTree = "<group>"; };
		838486180D6D68A800CEA253 /* Protocol.h */ = {isa = PBXFileReference; fileEncoding = 4; lastKnownFileType = sourcecode.c.h; path = Protocol.h; sourceTree = "<group>"; };
		838486190D6D68A800CEA253 /* Protocol.mm */ = {isa = PBXFileReference; fileEncoding = 4; lastKnownFileType = sourcecode.cpp.objcpp; name = Protocol.mm; path = runtime/Protocol.mm; sourceTree = "<group>"; };
		8384861A0D6D68A800CEA253 /* runtime.h */ = {isa = PBXFileReference; fileEncoding = 4; lastKnownFileType = sourcecode.c.h; path = runtime.h; sourceTree = "<group>"; };
		838486230D6D68F000CEA253 /* List.m */ = {isa = PBXFileReference; fileEncoding = 4; lastKnownFileType = sourcecode.c.objc; name = List.m; path = runtime/OldClasses.subproj/List.m; sourceTree = "<group>"; };
		838486240D6D68F000CEA253 /* List.h */ = {isa = PBXFileReference; fileEncoding = 4; lastKnownFileType = sourcecode.c.h; path = List.h; sourceTree = "<group>"; };
		83B1A8BC0FF1AC0D0019EA5B /* objc-msg-simulator-i386.s */ = {isa = PBXFileReference; fileEncoding = 4; lastKnownFileType = sourcecode.asm; name = "objc-msg-simulator-i386.s"; path = "runtime/Messengers.subproj/objc-msg-simulator-i386.s"; sourceTree = "<group>"; };
		83BE02E50FCCB24D00661494 /* objc-file-old.h */ = {isa = PBXFileReference; fileEncoding = 4; lastKnownFileType = sourcecode.c.h; name = "objc-file-old.h"; path = "runtime/objc-file-old.h"; sourceTree = "<group>"; };
		83BE02E60FCCB24D00661494 /* objc-file.h */ = {isa = PBXFileReference; fileEncoding = 4; lastKnownFileType = sourcecode.c.h; name = "objc-file.h"; path = "runtime/objc-file.h"; sourceTree = "<group>"; };
		83BE02E70FCCB24D00661494 /* objc-runtime-old.h */ = {isa = PBXFileReference; fileEncoding = 4; lastKnownFileType = sourcecode.c.h; name = "objc-runtime-old.h"; path = "runtime/objc-runtime-old.h"; sourceTree = "<group>"; };
		83EB007A121C9EC200B92C16 /* objc-sel-table.s */ = {isa = PBXFileReference; fileEncoding = 4; lastKnownFileType = sourcecode.asm; name = "objc-sel-table.s"; path = "runtime/objc-sel-table.s"; sourceTree = "<group>"; };
		87BB4E900EC39633005D08E1 /* objc-probes.d */ = {isa = PBXFileReference; fileEncoding = 4; lastKnownFileType = sourcecode.dtrace; name = "objc-probes.d"; path = "runtime/objc-probes.d"; sourceTree = "<group>"; };
		9672F7ED14D5F488007CEC96 /* NSObject.mm */ = {isa = PBXFileReference; fileEncoding = 4; lastKnownFileType = sourcecode.cpp.objcpp; name = NSObject.mm; path = runtime/NSObject.mm; sourceTree = "<group>"; };
		D2AAC0630554660B00DB518D /* libsubjc.A.dylib */ = {isa = PBXFileReference; explicitFileType = "compiled.mach-o.dylib"; includeInIndex = 0; path = libsubjc.A.dylib; sourceTree = BUILT_PRODUCTS_DIR; };
		E8923D9C116AB2820071B552 /* a1a2-blocktramps-i386.s */ = {isa = PBXFileReference; fileEncoding = 4; lastKnownFileType = sourcecode.asm; name = "a1a2-blocktramps-i386.s"; path = "runtime/a1a2-blocktramps-i386.s"; sourceTree = "<group>"; };
		E8923D9D116AB2820071B552 /* a1a2-blocktramps-x86_64.s */ = {isa = PBXFileReference; fileEncoding = 4; lastKnownFileType = sourcecode.asm; name = "a1a2-blocktramps-x86_64.s"; path = "runtime/a1a2-blocktramps-x86_64.s"; sourceTree = "<group>"; };
		E8923D9E116AB2820071B552 /* a2a3-blocktramps-i386.s */ = {isa = PBXFileReference; fileEncoding = 4; lastKnownFileType = sourcecode.asm; name = "a2a3-blocktramps-i386.s"; path = "runtime/a2a3-blocktramps-i386.s"; sourceTree = "<group>"; };
		E8923D9F116AB2820071B552 /* a2a3-blocktramps-x86_64.s */ = {isa = PBXFileReference; fileEncoding = 4; lastKnownFileType = sourcecode.asm; name = "a2a3-blocktramps-x86_64.s"; path = "runtime/a2a3-blocktramps-x86_64.s"; sourceTree = "<group>"; };
		E8923DA0116AB2820071B552 /* objc-block-trampolines.mm */ = {isa = PBXFileReference; fileEncoding = 4; lastKnownFileType = sourcecode.cpp.objcpp; name = "objc-block-trampolines.mm"; path = "runtime/objc-block-trampolines.mm"; sourceTree = "<group>"; };
/* End PBXFileReference section */

/* Begin PBXFrameworksBuildPhase section */
		3622D19119117D9A003AC4F8 /* Frameworks */ = {
			isa = PBXFrameworksBuildPhase;
			buildActionMask = 2147483647;
			files = (
				3622D1A019118559003AC4F8 /* libsubjc.A.dylib in Frameworks */,
			);
			runOnlyForDeploymentPostprocessing = 0;
		};
		D289988505E68E00004EDB86 /* Frameworks */ = {
			isa = PBXFrameworksBuildPhase;
			buildActionMask = 2147483647;
			files = (
			);
			runOnlyForDeploymentPostprocessing = 0;
		};
/* End PBXFrameworksBuildPhase section */

/* Begin PBXGroup section */
		08FB7794FE84155DC02AAC07 /* objc */ = {
			isa = PBXGroup;
			children = (
				838485C60D6D687700CEA253 /* Public Headers */,
				838485C70D6D688200CEA253 /* Private Headers */,
				8384862A0D6D6ABC00CEA253 /* Project Headers */,
				838486220D6D68E300CEA253 /* Obsolete Headers */,
				838486270D6D690F00CEA253 /* Obsolete Source */,
				08FB7795FE84155DC02AAC07 /* Source */,
				838485B20D6D67F900CEA253 /* Other */,
				1AB674ADFE9D54B511CA2CBB /* Products */,
				3622D19D1911842A003AC4F8 /* test.mm */,
			);
			name = objc;
			sourceTree = "<group>";
		};
		08FB7795FE84155DC02AAC07 /* Source */ = {
			isa = PBXGroup;
			children = (
				8383A3A1122600E9009290B8 /* a1a2-blocktramps-arm.s */,
				8383A3A2122600E9009290B8 /* a2a3-blocktramps-arm.s */,
				838485B80D6D687300CEA253 /* hashtable2.mm */,
				838485BC0D6D687300CEA253 /* maptable.mm */,
				9672F7ED14D5F488007CEC96 /* NSObject.mm */,
				838486190D6D68A800CEA253 /* Protocol.mm */,
				830F2A930D73876100392440 /* objc-accessors.mm */,
				39ABD72012F0B61800D1054C /* objc-weak.mm */,
				E8923DA0116AB2820071B552 /* objc-block-trampolines.mm */,
				838485CB0D6D68A200CEA253 /* objc-cache.mm */,
				838485CE0D6D68A200CEA253 /* objc-class.mm */,
				838485D00D6D68A200CEA253 /* objc-errors.mm */,
				838485D20D6D68A200CEA253 /* objc-exception.mm */,
				399BC72D1224831B007FBDF0 /* objc-externalref.mm */,
				838485D30D6D68A200CEA253 /* objc-file.mm */,
				838485D50D6D68A200CEA253 /* objc-initialize.mm */,
				838485D60D6D68A200CEA253 /* objc-layout.mm */,
				838485D80D6D68A200CEA253 /* objc-load.mm */,
				838485DA0D6D68A200CEA253 /* objc-loadmethod.mm */,
				838485DB0D6D68A200CEA253 /* objc-lockdebug.mm */,
				83725F4914CA5BFA0014370E /* objc-opt.mm */,
				831C85D40E10CF850066E64C /* objc-os.mm */,
				831C85D40E10CF850066E64C /* objc-os.mm */,
				393CEABF0DC69E3E000B69DE /* objc-references.mm */,
				838485E10D6D68A200CEA253 /* objc-runtime-new.mm */,
				838485E40D6D68A200CEA253 /* objc-runtime.mm */,
				838485E60D6D68A200CEA253 /* objc-sel-set.mm */,
				83EB007A121C9EC200B92C16 /* objc-sel-table.s */,
				838485E80D6D68A200CEA253 /* objc-sel.mm */,
				838485EA0D6D68A200CEA253 /* objc-sync.mm */,
				838485EB0D6D68A200CEA253 /* objc-typeencoding.mm */,
				E8923D9C116AB2820071B552 /* a1a2-blocktramps-i386.s */,
				E8923D9D116AB2820071B552 /* a1a2-blocktramps-x86_64.s */,
				E8923D9E116AB2820071B552 /* a2a3-blocktramps-i386.s */,
				E8923D9F116AB2820071B552 /* a2a3-blocktramps-x86_64.s */,
				830F2A690D737FB800392440 /* objc-msg-arm.s */,
				830F2A6A0D737FB800392440 /* objc-msg-i386.s */,
				83B1A8BC0FF1AC0D0019EA5B /* objc-msg-simulator-i386.s */,
				830F2A720D737FB800392440 /* objc-msg-x86_64.s */,
				87BB4E900EC39633005D08E1 /* objc-probes.d */,
			);
			name = Source;
			sourceTree = "<group>";
		};
		1AB674ADFE9D54B511CA2CBB /* Products */ = {
			isa = PBXGroup;
			children = (
				D2AAC0630554660B00DB518D /* libsubjc.A.dylib */,
				3622D19419117D9A003AC4F8 /* objc-test */,
			);
			name = Products;
			sourceTree = "<group>";
		};
		838485B20D6D67F900CEA253 /* Other */ = {
			isa = PBXGroup;
			children = (
				36EC54171913E98000D90C51 /* objc-win32.h */,
				36EC54161913E98000D90C51 /* objc-win32.c */,
				362901AF191344BE00974216 /* objc-msg-win32.mm */,
			);
			name = Other;
			sourceTree = "<group>";
		};
		838485C60D6D687700CEA253 /* Public Headers */ = {
			isa = PBXGroup;
			children = (
				838485BB0D6D687300CEA253 /* maptable.h */,
				838485BD0D6D687300CEA253 /* message.h */,
				838485C80D6D68A200CEA253 /* objc-api.h */,
				838485D10D6D68A200CEA253 /* objc-exception.h */,
				838485E90D6D68A200CEA253 /* objc-sync.h */,
				838485EC0D6D68A200CEA253 /* objc.h */,
				8384861A0D6D68A800CEA253 /* runtime.h */,
			);
			name = "Public Headers";
			path = ../include/objc;
			sourceTree = "<group>";
		};
		838485C70D6D688200CEA253 /* Private Headers */ = {
			isa = PBXGroup;
			children = (
				83112ED30F00599600A5FBAF /* objc-internal.h */,
				834EC0A311614167009B2563 /* objc-abi.h */,
				834266D70E665A8B002E4DA2 /* objc-gdb.h */,
			);
			name = "Private Headers";
			sourceTree = "<group>";
		};
		838486220D6D68E300CEA253 /* Obsolete Headers */ = {
			isa = PBXGroup;
			children = (
				830F2A970D738DC200392440 /* hashtable.h */,
				838485B70D6D687300CEA253 /* hashtable2.h */,
				838485CD0D6D68A200CEA253 /* objc-class.h */,
				838485D70D6D68A200CEA253 /* objc-load.h */,
				838485E30D6D68A200CEA253 /* objc-runtime.h */,
				838486240D6D68F000CEA253 /* List.h */,
				838485ED0D6D68A200CEA253 /* Object.h */,
				838486180D6D68A800CEA253 /* Protocol.h */,
			);
			name = "Obsolete Headers";
			path = ../include/objc;
			sourceTree = "<group>";
		};
		838486270D6D690F00CEA253 /* Obsolete Source */ = {
			isa = PBXGroup;
			children = (
				838486230D6D68F000CEA253 /* List.m */,
				838485EE0D6D68A200CEA253 /* Object.m */,
			);
			name = "Obsolete Source";
			sourceTree = "<group>";
		};
		8384862A0D6D6ABC00CEA253 /* Project Headers */ = {
			isa = PBXGroup;
			children = (
				830F2A920D73876100392440 /* objc-accessors.h */,
				838485CF0D6D68A200CEA253 /* objc-config.h */,
				83BE02E60FCCB24D00661494 /* objc-file.h */,
				83BE02E50FCCB24D00661494 /* objc-file-old.h */,
				838485D40D6D68A200CEA253 /* objc-initialize.h */,
				838485D90D6D68A200CEA253 /* objc-loadmethod.h */,
				831C85D30E10CF850066E64C /* objc-os.h */,
				838485DC0D6D68A200CEA253 /* objc-private.h */,
				393CEAC50DC69E67000B69DE /* objc-references.h */,
				838485E00D6D68A200CEA253 /* objc-runtime-new.h */,
				83BE02E70FCCB24D00661494 /* objc-runtime-old.h */,
				838485E50D6D68A200CEA253 /* objc-sel-set.h */,
				39ABD71F12F0B61800D1054C /* objc-weak.h */,
			);
			name = "Project Headers";
			sourceTree = "<group>";
		};
/* End PBXGroup section */

/* Begin PBXNativeTarget section */
		3622D19319117D9A003AC4F8 /* objc-test */ = {
			isa = PBXNativeTarget;
			buildConfigurationList = 3622D19A19117D9A003AC4F8 /* Build configuration list for PBXNativeTarget "objc-test" */;
			buildPhases = (
				3622D19019117D9A003AC4F8 /* Sources */,
				3622D19119117D9A003AC4F8 /* Frameworks */,
				3622D19219117D9A003AC4F8 /* CopyFiles */,
			);
			buildRules = (
			);
			dependencies = (
				3622D1A219118562003AC4F8 /* PBXTargetDependency */,
			);
			name = "objc-test";
			productName = "objc-test";
			productReference = 3622D19419117D9A003AC4F8 /* objc-test */;
			productType = "com.apple.product-type.tool";
		};
		D2AAC0620554660B00DB518D /* objc */ = {
			isa = PBXNativeTarget;
			buildConfigurationList = 1DEB914A08733D8E0010E9CD /* Build configuration list for PBXNativeTarget "objc" */;
			buildPhases = (
				D2AAC0610554660B00DB518D /* Sources */,
				D289988505E68E00004EDB86 /* Frameworks */,
			);
			buildRules = (
			);
			dependencies = (
			);
			name = objc;
			productName = objc;
			productReference = D2AAC0630554660B00DB518D /* libsubjc.A.dylib */;
			productType = "com.apple.product-type.library.dynamic";
		};
/* End PBXNativeTarget section */

/* Begin PBXProject section */
		08FB7793FE84155DC02AAC07 /* Project object */ = {
			isa = PBXProject;
			attributes = {
				BuildIndependentTargetsInParallel = NO;
				LastUpgradeCheck = 0510;
			};
			buildConfigurationList = 1DEB914E08733D8E0010E9CD /* Build configuration list for PBXProject "objc" */;
			compatibilityVersion = "Xcode 3.2";
			developmentRegion = English;
			hasScannedForEncodings = 1;
			knownRegions = (
				English,
				Japanese,
				French,
				German,
			);
			mainGroup = 08FB7794FE84155DC02AAC07 /* objc */;
			projectDirPath = "";
			projectRoot = "";
			targets = (
				D2AAC0620554660B00DB518D /* objc */,
				3622D19319117D9A003AC4F8 /* objc-test */,
			);
		};
/* End PBXProject section */

/* Begin PBXSourcesBuildPhase section */
		3622D19019117D9A003AC4F8 /* Sources */ = {
			isa = PBXSourcesBuildPhase;
			buildActionMask = 2147483647;
			files = (
				3622D19F19118443003AC4F8 /* test.mm in Sources */,
			);
			runOnlyForDeploymentPostprocessing = 0;
		};
		D2AAC0610554660B00DB518D /* Sources */ = {
			isa = PBXSourcesBuildPhase;
			buildActionMask = 2147483647;
			files = (
				838485C00D6D687300CEA253 /* hashtable2.mm in Sources */,
				838485C40D6D687300CEA253 /* maptable.mm in Sources */,
				838485F20D6D68A200CEA253 /* objc-cache.mm in Sources */,
				838485F50D6D68A200CEA253 /* objc-class.mm in Sources */,
				838485F70D6D68A200CEA253 /* objc-errors.mm in Sources */,
				838485F90D6D68A200CEA253 /* objc-exception.mm in Sources */,
				838485FA0D6D68A200CEA253 /* objc-file.mm in Sources */,
				838485FC0D6D68A200CEA253 /* objc-initialize.mm in Sources */,
				838485FD0D6D68A200CEA253 /* objc-layout.mm in Sources */,
				838485FF0D6D68A200CEA253 /* objc-load.mm in Sources */,
				838486010D6D68A200CEA253 /* objc-loadmethod.mm in Sources */,
				838486080D6D68A200CEA253 /* objc-runtime-new.mm in Sources */,
				8384860B0D6D68A200CEA253 /* objc-runtime.mm in Sources */,
				8384860D0D6D68A200CEA253 /* objc-sel-set.mm in Sources */,
				8384860F0D6D68A200CEA253 /* objc-sel.mm in Sources */,
				838486110D6D68A200CEA253 /* objc-sync.mm in Sources */,
				838486120D6D68A200CEA253 /* objc-typeencoding.mm in Sources */,
				838486150D6D68A200CEA253 /* Object.m in Sources */,
				8384861F0D6D68A800CEA253 /* Protocol.mm in Sources */,
				838486250D6D68F000CEA253 /* List.m in Sources */,
				830F2A740D737FB800392440 /* objc-msg-arm.s in Sources */,
				830F2A750D737FB900392440 /* objc-msg-i386.s in Sources */,
				830F2A7D0D737FBB00392440 /* objc-msg-x86_64.s in Sources */,
				830F2A950D73876100392440 /* objc-accessors.mm in Sources */,
				393CEAC00DC69E3E000B69DE /* objc-references.mm in Sources */,
				831C85D60E10CF850066E64C /* objc-os.mm in Sources */,
				87BB4EA70EC39854005D08E1 /* objc-probes.d in Sources */,
				E8923DA1116AB2820071B552 /* a1a2-blocktramps-i386.s in Sources */,
				E8923DA2116AB2820071B552 /* a1a2-blocktramps-x86_64.s in Sources */,
				E8923DA3116AB2820071B552 /* a2a3-blocktramps-i386.s in Sources */,
				E8923DA4116AB2820071B552 /* a2a3-blocktramps-x86_64.s in Sources */,
				E8923DA5116AB2820071B552 /* objc-block-trampolines.mm in Sources */,
				83EB007B121C9EC200B92C16 /* objc-sel-table.s in Sources */,
				8383A3A3122600E9009290B8 /* a1a2-blocktramps-arm.s in Sources */,
				8383A3A4122600E9009290B8 /* a2a3-blocktramps-arm.s in Sources */,
				399BC72E1224831B007FBDF0 /* objc-externalref.mm in Sources */,
				39ABD72412F0B61800D1054C /* objc-weak.mm in Sources */,
				9672F7EE14D5F488007CEC96 /* NSObject.mm in Sources */,
				83725F4A14CA5BFA0014370E /* objc-opt.mm in Sources */,
			);
			runOnlyForDeploymentPostprocessing = 0;
		};
/* End PBXSourcesBuildPhase section */

/* Begin PBXTargetDependency section */
		3622D1A219118562003AC4F8 /* PBXTargetDependency */ = {
			isa = PBXTargetDependency;
			target = D2AAC0620554660B00DB518D /* objc */;
			targetProxy = 3622D1A119118562003AC4F8 /* PBXContainerItemProxy */;
		};
/* End PBXTargetDependency section */

/* Begin XCBuildConfiguration section */
		1DEB914B08733D8E0010E9CD /* Debug */ = {
			isa = XCBuildConfiguration;
			buildSettings = {
				ARCHS = "$(ARCHS_STANDARD)";
				CLANG_ENABLE_OBJC_ARC = NO;
				CLANG_MODULES_AUTOLINK = NO;
				COPY_PHASE_STRIP = NO;
				DYLIB_CURRENT_VERSION = 228;
				EXECUTABLE_EXTENSION = dylib;
				EXECUTABLE_PREFIX = lib;
				FRAMEWORK_VERSION = A;
				GCC_CW_ASM_SYNTAX = NO;
				GCC_DYNAMIC_NO_PIC = NO;
				GCC_LINK_WITH_DYNAMIC_LIBRARIES = NO;
				GCC_OPTIMIZATION_LEVEL = 0;
				GCC_THREADSAFE_STATICS = NO;
				GCC_WARN_ABOUT_DEPRECATED_FUNCTIONS = NO;
				HEADER_SEARCH_PATHS = ../include;
				INSTALL_PATH = /usr/lib;
				LINK_WITH_STANDARD_LIBRARIES = NO;
				MACH_O_TYPE = mh_dylib;
				ORDER_FILE = libobjc.order;
				OTHER_CFLAGS = (
					"-fdollars-in-identifiers",
					"$(OTHER_CFLAGS)",
				);
				OTHER_LDFLAGS = (
					"-Wl,-no_compact_unwind",
					"-lc",
					"-lc++",
				);
				PRIVATE_HEADERS_FOLDER_PATH = /usr/local/include/objc;
				PRODUCT_NAME = subjc.A;
				PUBLIC_HEADERS_FOLDER_PATH = /usr/include/objc;
				SDKROOT = macosx10.8;
				UNEXPORTED_SYMBOLS_FILE = unexported_symbols;
				WARNING_CFLAGS = (
					"-Wno-deprecated-objc-pointer-introspection",
					"-Wno-deprecated-objc-isa-usage",
					"-Wno-inline-new-delete",
					"-Wno-cast-of-sel-type",
					"-Wno-objc-root-class",
					"-Wno-duplicate-decl-specifier",
				);
			};
			name = Debug;
		};
		1DEB914C08733D8E0010E9CD /* Release */ = {
			isa = XCBuildConfiguration;
			buildSettings = {
				ARCHS = "$(ARCHS_STANDARD)";
				CLANG_ENABLE_OBJC_ARC = NO;
				CLANG_MODULES_AUTOLINK = NO;
				DYLIB_CURRENT_VERSION = 228;
				EXECUTABLE_EXTENSION = dylib;
				EXECUTABLE_PREFIX = lib;
				FRAMEWORK_VERSION = A;
				GCC_CW_ASM_SYNTAX = NO;
				GCC_LINK_WITH_DYNAMIC_LIBRARIES = NO;
				GCC_THREADSAFE_STATICS = NO;
				GCC_WARN_ABOUT_DEPRECATED_FUNCTIONS = NO;
				HEADER_SEARCH_PATHS = ../include;
				INSTALL_PATH = /usr/lib;
				LINK_WITH_STANDARD_LIBRARIES = NO;
				MACH_O_TYPE = mh_dylib;
				ORDER_FILE = libobjc.order;
				OTHER_CFLAGS = (
					"-fdollars-in-identifiers",
					"$(OTHER_CFLAGS)",
				);
				OTHER_LDFLAGS = (
					"-Wl,-no_compact_unwind",
					"-lc",
					"-lc++",
				);
				PRIVATE_HEADERS_FOLDER_PATH = /usr/local/include/objc;
				PRODUCT_NAME = subjc.A;
				PUBLIC_HEADERS_FOLDER_PATH = /usr/include/objc;
				SDKROOT = macosx10.8;
				UNEXPORTED_SYMBOLS_FILE = unexported_symbols;
				WARNING_CFLAGS = (
					"-Wno-deprecated-objc-pointer-introspection",
					"-Wno-deprecated-objc-isa-usage",
					"-Wno-inline-new-delete",
					"-Wno-cast-of-sel-type",
					"-Wno-objc-root-class",
					"-Wno-duplicate-decl-specifier",
				);
			};
			name = Release;
		};
		1DEB914F08733D8E0010E9CD /* Debug */ = {
			isa = XCBuildConfiguration;
			buildSettings = {
				ARCHS = "$(ARCHS_STANDARD_32_BIT)";
				CLANG_CXX_LIBRARY = "libc++";
				CLANG_ENABLE_OBJC_ARC = YES;
				CLANG_LINK_OBJC_RUNTIME = NO;
				CLANG_MODULES_AUTOLINK = NO;
				CLANG_OBJC_RUNTIME = NO;
				DEBUG_INFORMATION_FORMAT = dwarf;
				GCC_ENABLE_CPP_EXCEPTIONS = NO;
				GCC_ENABLE_CPP_RTTI = NO;
				GCC_INLINES_ARE_PRIVATE_EXTERN = YES;
				GCC_OPTIMIZATION_LEVEL = 0;
				GCC_PREPROCESSOR_DEFINITIONS = (
					"OS_OBJECT_USE_OBJC=0",
					"SUBJECTIVE=1",
				);
				GCC_STRICT_ALIASING = YES;
				GCC_SYMBOLS_PRIVATE_EXTERN = YES;
				GCC_VERSION = com.apple.compilers.llvm.clang.1_0;
				GCC_WARN_64_TO_32_BIT_CONVERSION = NO;
				GCC_WARN_ABOUT_MISSING_NEWLINE = YES;
				GCC_WARN_ABOUT_RETURN_TYPE = YES;
				GCC_WARN_SHADOW = YES;
				GCC_WARN_UNUSED_VARIABLE = NO;
				LINK_WITH_STANDARD_LIBRARIES = NO;
				OTHER_LDFLAGS = "";
				SDKROOT = macosx10.8;
				STANDARD_C_PLUS_PLUS_LIBRARY_TYPE = dynamic;
				WARNING_CFLAGS = "";
				WARNING_LDFLAGS = "";
			};
			name = Debug;
		};
		1DEB915008733D8E0010E9CD /* Release */ = {
			isa = XCBuildConfiguration;
			buildSettings = {
				ARCHS = "$(ARCHS_STANDARD_32_BIT)";
				CLANG_CXX_LIBRARY = "libc++";
				CLANG_ENABLE_OBJC_ARC = YES;
				CLANG_LINK_OBJC_RUNTIME = NO;
				CLANG_MODULES_AUTOLINK = NO;
				CLANG_OBJC_RUNTIME = NO;
				DEBUG_INFORMATION_FORMAT = "dwarf-with-dsym";
				GCC_ENABLE_CPP_EXCEPTIONS = NO;
				GCC_ENABLE_CPP_RTTI = NO;
				GCC_INLINES_ARE_PRIVATE_EXTERN = YES;
				GCC_PREPROCESSOR_DEFINITIONS = (
					"OS_OBJECT_USE_OBJC=0",
					"NDEBUG=1",
					"SUBJECTIVE=1",
				);
				GCC_STRICT_ALIASING = YES;
				GCC_SYMBOLS_PRIVATE_EXTERN = YES;
				GCC_VERSION = com.apple.compilers.llvm.clang.1_0;
				GCC_WARN_64_TO_32_BIT_CONVERSION = NO;
				GCC_WARN_ABOUT_MISSING_NEWLINE = YES;
				GCC_WARN_ABOUT_RETURN_TYPE = YES;
				GCC_WARN_SHADOW = YES;
				GCC_WARN_UNUSED_VARIABLE = NO;
				LINK_WITH_STANDARD_LIBRARIES = NO;
				"OTHER_CFLAGS[arch=i386]" = "-momit-leaf-frame-pointer";
				"OTHER_CFLAGS[arch=x86_64]" = "-momit-leaf-frame-pointer";
				OTHER_LDFLAGS = "";
				SDKROOT = macosx10.8;
				STANDARD_C_PLUS_PLUS_LIBRARY_TYPE = dynamic;
				WARNING_CFLAGS = "";
				WARNING_LDFLAGS = "";
			};
			name = Release;
		};
		3622D19B19117D9A003AC4F8 /* Debug */ = {
			isa = XCBuildConfiguration;
			buildSettings = {
				ALWAYS_SEARCH_USER_PATHS = NO;
				ARCHS = "$(ARCHS_STANDARD)";
				CLANG_CXX_LANGUAGE_STANDARD = "gnu++0x";
				CLANG_ENABLE_MODULES = NO;
				CLANG_ENABLE_OBJC_ARC = YES;
				CLANG_LINK_OBJC_RUNTIME = NO;
				CLANG_MODULES_AUTOLINK = NO;
				CLANG_WARN_BOOL_CONVERSION = YES;
				CLANG_WARN_CONSTANT_CONVERSION = YES;
				CLANG_WARN_DIRECT_OBJC_ISA_USAGE = YES_ERROR;
				CLANG_WARN_EMPTY_BODY = YES;
				CLANG_WARN_ENUM_CONVERSION = YES;
				CLANG_WARN_INT_CONVERSION = YES;
				CLANG_WARN_OBJC_ROOT_CLASS = YES_ERROR;
				CLANG_WARN__DUPLICATE_METHOD_MATCH = YES;
				COPY_PHASE_STRIP = NO;
				GCC_C_LANGUAGE_STANDARD = gnu99;
				GCC_DYNAMIC_NO_PIC = NO;
				GCC_ENABLE_OBJC_EXCEPTIONS = YES;
				GCC_LINK_WITH_DYNAMIC_LIBRARIES = NO;
				GCC_PREPROCESSOR_DEFINITIONS = (
					"DEBUG=1",
					"$(inherited)",
				);
				GCC_SYMBOLS_PRIVATE_EXTERN = NO;
				GCC_WARN_64_TO_32_BIT_CONVERSION = YES;
				GCC_WARN_ABOUT_RETURN_TYPE = YES_ERROR;
				GCC_WARN_UNDECLARED_SELECTOR = YES;
				GCC_WARN_UNINITIALIZED_AUTOS = YES_AGGRESSIVE;
				GCC_WARN_UNUSED_FUNCTION = YES;
				GCC_WARN_UNUSED_VARIABLE = YES;
				GENERATE_MASTER_OBJECT_FILE = NO;
				LD_DEPENDENCY_INFO_FILE = "";
				LINK_WITH_STANDARD_LIBRARIES = NO;
				MACH_O_TYPE = mh_execute;
				MACOSX_DEPLOYMENT_TARGET = 10.8;
				ONLY_ACTIVE_ARCH = YES;
				OTHER_LDFLAGS = (
					"-lc++",
					"-lSystem",
					"-Wl,-no_compact_unwind",
				);
				PRELINK_LIBS = "";
				PRODUCT_NAME = "$(TARGET_NAME)";
				SDKROOT = macosx10.8;
				VALID_ARCHS = x86_64;
			};
			name = Debug;
		};
		3622D19C19117D9A003AC4F8 /* Release */ = {
			isa = XCBuildConfiguration;
			buildSettings = {
				ALWAYS_SEARCH_USER_PATHS = NO;
				ARCHS = "$(ARCHS_STANDARD)";
				CLANG_CXX_LANGUAGE_STANDARD = "gnu++0x";
				CLANG_ENABLE_MODULES = NO;
				CLANG_ENABLE_OBJC_ARC = YES;
				CLANG_LINK_OBJC_RUNTIME = NO;
				CLANG_MODULES_AUTOLINK = NO;
				CLANG_WARN_BOOL_CONVERSION = YES;
				CLANG_WARN_CONSTANT_CONVERSION = YES;
				CLANG_WARN_DIRECT_OBJC_ISA_USAGE = YES_ERROR;
				CLANG_WARN_EMPTY_BODY = YES;
				CLANG_WARN_ENUM_CONVERSION = YES;
				CLANG_WARN_INT_CONVERSION = YES;
				CLANG_WARN_OBJC_ROOT_CLASS = YES_ERROR;
				CLANG_WARN__DUPLICATE_METHOD_MATCH = YES;
				CONFIGURATION_BUILD_DIR = "$(BUILD_DIR)/$(CONFIGURATION)$(EFFECTIVE_PLATFORM_NAME)";
				COPY_PHASE_STRIP = YES;
				ENABLE_NS_ASSERTIONS = NO;
				GCC_C_LANGUAGE_STANDARD = gnu99;
				GCC_ENABLE_OBJC_EXCEPTIONS = YES;
				GCC_LINK_WITH_DYNAMIC_LIBRARIES = NO;
				GCC_WARN_64_TO_32_BIT_CONVERSION = YES;
				GCC_WARN_ABOUT_RETURN_TYPE = YES_ERROR;
				GCC_WARN_UNDECLARED_SELECTOR = YES;
				GCC_WARN_UNINITIALIZED_AUTOS = YES_AGGRESSIVE;
				GCC_WARN_UNUSED_FUNCTION = YES;
				GCC_WARN_UNUSED_VARIABLE = YES;
				GENERATE_MASTER_OBJECT_FILE = NO;
				LD_DEPENDENCY_INFO_FILE = "";
				LINK_WITH_STANDARD_LIBRARIES = NO;
				MACH_O_TYPE = mh_execute;
				MACOSX_DEPLOYMENT_TARGET = 10.8;
				OTHER_LDFLAGS = (
					"-lc++",
					"-lSystem",
					"-Wl,-no_compact_unwind",
				);
				PRELINK_LIBS = "";
				PRODUCT_NAME = "$(TARGET_NAME)";
				SDKROOT = macosx10.8;
				VALID_ARCHS = x86_64;
			};
			name = Release;
		};
/* End XCBuildConfiguration section */

/* Begin XCConfigurationList section */
		1DEB914A08733D8E0010E9CD /* Build configuration list for PBXNativeTarget "objc" */ = {
			isa = XCConfigurationList;
			buildConfigurations = (
				1DEB914B08733D8E0010E9CD /* Debug */,
				1DEB914C08733D8E0010E9CD /* Release */,
			);
			defaultConfigurationIsVisible = 0;
			defaultConfigurationName = Release;
		};
		1DEB914E08733D8E0010E9CD /* Build configuration list for PBXProject "objc" */ = {
			isa = XCConfigurationList;
			buildConfigurations = (
				1DEB914F08733D8E0010E9CD /* Debug */,
				1DEB915008733D8E0010E9CD /* Release */,
			);
			defaultConfigurationIsVisible = 0;
			defaultConfigurationName = Release;
		};
		3622D19A19117D9A003AC4F8 /* Build configuration list for PBXNativeTarget "objc-test" */ = {
			isa = XCConfigurationList;
			buildConfigurations = (
				3622D19B19117D9A003AC4F8 /* Debug */,
				3622D19C19117D9A003AC4F8 /* Release */,
			);
			defaultConfigurationIsVisible = 0;
			defaultConfigurationName = Release;
		};
/* End XCConfigurationList section */
	};
	rootObject = 08FB7793FE84155DC02AAC07 /* Project object */;
}
